
Microsoft Visual Studio Solution File, Format Version 12.00
# Visual Studio 15
VisualStudioVersion = 15.0.27130.0
MinimumVisualStudioVersion = 10.0.40219.1
Project("{FAE04EC0-301F-11D3-BF4B-00C04F79EFBC}") = "CSharpIndepth", "CSharpIndepth\CSharpIndepth.csproj", "{90D780E4-BC99-4C66-9611-E7911B343EB0}"
EndProject
Global
	GlobalSection(SolutionConfigurationPlatforms) = preSolution
		Debug|Any CPU = Debug|Any CPU
		Release|Any CPU = Release|Any CPU
	EndGlobalSection
	GlobalSection(ProjectConfigurationPlatforms) = postSolution
		{90D780E4-BC99-4C66-9611-E7911B343EB0}.Debug|Any CPU.ActiveCfg = Debug|Any CPU
		{90D780E4-BC99-4C66-9611-E7911B343EB0}.Debug|Any CPU.Build.0 = Debug|Any CPU
		{90D780E4-BC99-4C66-9611-E7911B343EB0}.Release|Any CPU.ActiveCfg = Release|Any CPU
		{90D780E4-BC99-4C66-9611-E7911B343EB0}.Release|Any CPU.Build.0 = Release|Any CPU
	EndGlobalSection
	GlobalSection(SolutionProperties) = preSolution
		HideSolutionNode = FALSE
	EndGlobalSection
	GlobalSection(ExtensibilityGlobals) = postSolution
		SolutionGuid = {A073A70A-9F8A-4033-BD87-5D732774E11E}
	EndGlobalSection
EndGlobal
