
Microsoft Visual Studio Solution File, Format Version 12.00
# Visual Studio Version 16
VisualStudioVersion = 16.0.29911.84
MinimumVisualStudioVersion = 10.0.40219.1
Project("{FAE04EC0-301F-11D3-BF4B-00C04F79EFBC}") = "CSharpIndepth", "CSharpIndepth\CSharpIndepth.csproj", "{90D780E4-BC99-4C66-9611-E7911B343EB0}"
EndProject
Project("{9A19103F-16F7-4668-BE54-9A1E7A4F7556}") = "NetCore", "NetCore\NetCore.csproj", "{C8FE7EEE-09B4-4ED0-85B3-905BA151ACB9}"
EndProject
Project("{9A19103F-16F7-4668-BE54-9A1E7A4F7556}") = "DesignPatterns", "DesignPatterns\DesignPatterns.csproj", "{B9DED854-FF29-4301-B334-D679EA8F2D5C}"
EndProject
Project("{FAE04EC0-301F-11D3-BF4B-00C04F79EFBC}") = "TestCSharpIndepth", "TestCSharpIndepth\TestCSharpIndepth.csproj", "{FB126D2C-3BAB-4277-B0E7-FEC6430446DA}"
EndProject
Project("{FAE04EC0-301F-11D3-BF4B-00C04F79EFBC}") = "DSL", "DSL\DSL.csproj", "{E143A4A4-992B-4C8B-8D96-E61C781BF757}"
EndProject
Project("{2150E333-8FDC-42A3-9474-1A3956D46DE8}") = "CS", "CS", "{E47A49F9-6DFE-40BB-917C-8DDF226FFB12}"
EndProject
Project("{FAE04EC0-301F-11D3-BF4B-00C04F79EFBC}") = "CS.Attributes", "CSharp\CS.Attributes\CS.Attributes.csproj", "{DB990B07-B077-48F4-AEB0-4727F49A4675}"
EndProject
Project("{FAE04EC0-301F-11D3-BF4B-00C04F79EFBC}") = "CS.Classes", "CSharp\CS.Classes\CS.Classes.csproj", "{3FE95595-F470-4294-A0D6-37B902D3C7F5}"
EndProject
Project("{FAE04EC0-301F-11D3-BF4B-00C04F79EFBC}") = "CS.Collections", "CS.Collections\CS.Collections.csproj", "{205C8B1C-46B4-423A-8695-DC60572D077C}"
EndProject
Project("{FAE04EC0-301F-11D3-BF4B-00C04F79EFBC}") = "CS.Delegates", "CS.Delegates\CS.Delegates.csproj", "{BC419B0C-596B-4266-A847-F88D803F8FE6}"
EndProject
Project("{FAE04EC0-301F-11D3-BF4B-00C04F79EFBC}") = "CS.Events", "CS.Events\CS.Events.csproj", "{8ACAA3ED-2856-4F07-820D-B8F3EF8FE396}"
EndProject
Project("{FAE04EC0-301F-11D3-BF4B-00C04F79EFBC}") = "CS.ExpressionTrees", "CS.ExpressionTrees\CS.ExpressionTrees.csproj", "{AA18AB43-65A7-4965-99D5-95A3C2C2889D}"
EndProject
Project("{FAE04EC0-301F-11D3-BF4B-00C04F79EFBC}") = "CS.Generics", "CS.Generics\CS.Generics.csproj", "{809B00E6-32D8-4A47-9F5A-9F6300C1C1B8}"
EndProject
Project("{FAE04EC0-301F-11D3-BF4B-00C04F79EFBC}") = "CS.Indexers", "CS.Indexers\CS.Indexers.csproj", "{FB78EE7B-A907-4327-B082-EB0F2CE0C146}"
EndProject
Project("{FAE04EC0-301F-11D3-BF4B-00C04F79EFBC}") = "CS.Interfaces", "CS.Interfaces\CS.Interfaces.csproj", "{1E7A5600-C564-4711-9061-D2E569EB6593}"
EndProject
Project("{FAE04EC0-301F-11D3-BF4B-00C04F79EFBC}") = "CS.Operators", "CS.Operators\CS.Operators.csproj", "{B8561C33-B075-48A9-8BF1-BFA179BDA590}"
EndProject
Project("{FAE04EC0-301F-11D3-BF4B-00C04F79EFBC}") = "CS.Reflection", "CS.Reflection\CS.Reflection.csproj", "{48004F18-D0B7-45DA-A248-AAB6E6C933BB}"
EndProject
Project("{FAE04EC0-301F-11D3-BF4B-00C04F79EFBC}") = "CS.StringBuilder", "CS.StringBuilder\CS.StringBuilder.csproj", "{95036B5F-055E-4DF3-AD1A-9F558BDF7C25}"
EndProject
Global
	GlobalSection(SolutionConfigurationPlatforms) = preSolution
		Debug|Any CPU = Debug|Any CPU
		Release|Any CPU = Release|Any CPU
	EndGlobalSection
	GlobalSection(ProjectConfigurationPlatforms) = postSolution
		{90D780E4-BC99-4C66-9611-E7911B343EB0}.Debug|Any CPU.ActiveCfg = Debug|Any CPU
		{90D780E4-BC99-4C66-9611-E7911B343EB0}.Debug|Any CPU.Build.0 = Debug|Any CPU
		{90D780E4-BC99-4C66-9611-E7911B343EB0}.Release|Any CPU.ActiveCfg = Release|Any CPU
		{90D780E4-BC99-4C66-9611-E7911B343EB0}.Release|Any CPU.Build.0 = Release|Any CPU
		{C8FE7EEE-09B4-4ED0-85B3-905BA151ACB9}.Debug|Any CPU.ActiveCfg = Debug|Any CPU
		{C8FE7EEE-09B4-4ED0-85B3-905BA151ACB9}.Debug|Any CPU.Build.0 = Debug|Any CPU
		{C8FE7EEE-09B4-4ED0-85B3-905BA151ACB9}.Release|Any CPU.ActiveCfg = Release|Any CPU
		{C8FE7EEE-09B4-4ED0-85B3-905BA151ACB9}.Release|Any CPU.Build.0 = Release|Any CPU
		{B9DED854-FF29-4301-B334-D679EA8F2D5C}.Debug|Any CPU.ActiveCfg = Debug|Any CPU
		{B9DED854-FF29-4301-B334-D679EA8F2D5C}.Debug|Any CPU.Build.0 = Debug|Any CPU
		{B9DED854-FF29-4301-B334-D679EA8F2D5C}.Release|Any CPU.ActiveCfg = Release|Any CPU
		{B9DED854-FF29-4301-B334-D679EA8F2D5C}.Release|Any CPU.Build.0 = Release|Any CPU
		{FB126D2C-3BAB-4277-B0E7-FEC6430446DA}.Debug|Any CPU.ActiveCfg = Debug|Any CPU
		{FB126D2C-3BAB-4277-B0E7-FEC6430446DA}.Debug|Any CPU.Build.0 = Debug|Any CPU
		{FB126D2C-3BAB-4277-B0E7-FEC6430446DA}.Release|Any CPU.ActiveCfg = Release|Any CPU
		{FB126D2C-3BAB-4277-B0E7-FEC6430446DA}.Release|Any CPU.Build.0 = Release|Any CPU
		{E143A4A4-992B-4C8B-8D96-E61C781BF757}.Debug|Any CPU.ActiveCfg = Debug|Any CPU
		{E143A4A4-992B-4C8B-8D96-E61C781BF757}.Debug|Any CPU.Build.0 = Debug|Any CPU
		{E143A4A4-992B-4C8B-8D96-E61C781BF757}.Release|Any CPU.ActiveCfg = Release|Any CPU
		{E143A4A4-992B-4C8B-8D96-E61C781BF757}.Release|Any CPU.Build.0 = Release|Any CPU
		{DB990B07-B077-48F4-AEB0-4727F49A4675}.Debug|Any CPU.ActiveCfg = Debug|Any CPU
		{DB990B07-B077-48F4-AEB0-4727F49A4675}.Debug|Any CPU.Build.0 = Debug|Any CPU
		{DB990B07-B077-48F4-AEB0-4727F49A4675}.Release|Any CPU.ActiveCfg = Release|Any CPU
		{DB990B07-B077-48F4-AEB0-4727F49A4675}.Release|Any CPU.Build.0 = Release|Any CPU
		{3FE95595-F470-4294-A0D6-37B902D3C7F5}.Debug|Any CPU.ActiveCfg = Debug|Any CPU
		{3FE95595-F470-4294-A0D6-37B902D3C7F5}.Debug|Any CPU.Build.0 = Debug|Any CPU
		{3FE95595-F470-4294-A0D6-37B902D3C7F5}.Release|Any CPU.ActiveCfg = Release|Any CPU
		{3FE95595-F470-4294-A0D6-37B902D3C7F5}.Release|Any CPU.Build.0 = Release|Any CPU
		{205C8B1C-46B4-423A-8695-DC60572D077C}.Debug|Any CPU.ActiveCfg = Debug|Any CPU
		{205C8B1C-46B4-423A-8695-DC60572D077C}.Debug|Any CPU.Build.0 = Debug|Any CPU
		{205C8B1C-46B4-423A-8695-DC60572D077C}.Release|Any CPU.ActiveCfg = Release|Any CPU
		{205C8B1C-46B4-423A-8695-DC60572D077C}.Release|Any CPU.Build.0 = Release|Any CPU
		{BC419B0C-596B-4266-A847-F88D803F8FE6}.Debug|Any CPU.ActiveCfg = Debug|Any CPU
		{BC419B0C-596B-4266-A847-F88D803F8FE6}.Debug|Any CPU.Build.0 = Debug|Any CPU
		{BC419B0C-596B-4266-A847-F88D803F8FE6}.Release|Any CPU.ActiveCfg = Release|Any CPU
		{BC419B0C-596B-4266-A847-F88D803F8FE6}.Release|Any CPU.Build.0 = Release|Any CPU
		{8ACAA3ED-2856-4F07-820D-B8F3EF8FE396}.Debug|Any CPU.ActiveCfg = Debug|Any CPU
		{8ACAA3ED-2856-4F07-820D-B8F3EF8FE396}.Debug|Any CPU.Build.0 = Debug|Any CPU
		{8ACAA3ED-2856-4F07-820D-B8F3EF8FE396}.Release|Any CPU.ActiveCfg = Release|Any CPU
		{8ACAA3ED-2856-4F07-820D-B8F3EF8FE396}.Release|Any CPU.Build.0 = Release|Any CPU
		{AA18AB43-65A7-4965-99D5-95A3C2C2889D}.Debug|Any CPU.ActiveCfg = Debug|Any CPU
		{AA18AB43-65A7-4965-99D5-95A3C2C2889D}.Debug|Any CPU.Build.0 = Debug|Any CPU
		{AA18AB43-65A7-4965-99D5-95A3C2C2889D}.Release|Any CPU.ActiveCfg = Release|Any CPU
		{AA18AB43-65A7-4965-99D5-95A3C2C2889D}.Release|Any CPU.Build.0 = Release|Any CPU
		{809B00E6-32D8-4A47-9F5A-9F6300C1C1B8}.Debug|Any CPU.ActiveCfg = Debug|Any CPU
		{809B00E6-32D8-4A47-9F5A-9F6300C1C1B8}.Debug|Any CPU.Build.0 = Debug|Any CPU
		{809B00E6-32D8-4A47-9F5A-9F6300C1C1B8}.Release|Any CPU.ActiveCfg = Release|Any CPU
		{809B00E6-32D8-4A47-9F5A-9F6300C1C1B8}.Release|Any CPU.Build.0 = Release|Any CPU
		{FB78EE7B-A907-4327-B082-EB0F2CE0C146}.Debug|Any CPU.ActiveCfg = Debug|Any CPU
		{FB78EE7B-A907-4327-B082-EB0F2CE0C146}.Debug|Any CPU.Build.0 = Debug|Any CPU
		{FB78EE7B-A907-4327-B082-EB0F2CE0C146}.Release|Any CPU.ActiveCfg = Release|Any CPU
		{FB78EE7B-A907-4327-B082-EB0F2CE0C146}.Release|Any CPU.Build.0 = Release|Any CPU
		{1E7A5600-C564-4711-9061-D2E569EB6593}.Debug|Any CPU.ActiveCfg = Debug|Any CPU
		{1E7A5600-C564-4711-9061-D2E569EB6593}.Debug|Any CPU.Build.0 = Debug|Any CPU
		{1E7A5600-C564-4711-9061-D2E569EB6593}.Release|Any CPU.ActiveCfg = Release|Any CPU
		{1E7A5600-C564-4711-9061-D2E569EB6593}.Release|Any CPU.Build.0 = Release|Any CPU
		{B8561C33-B075-48A9-8BF1-BFA179BDA590}.Debug|Any CPU.ActiveCfg = Debug|Any CPU
		{B8561C33-B075-48A9-8BF1-BFA179BDA590}.Debug|Any CPU.Build.0 = Debug|Any CPU
		{B8561C33-B075-48A9-8BF1-BFA179BDA590}.Release|Any CPU.ActiveCfg = Release|Any CPU
		{B8561C33-B075-48A9-8BF1-BFA179BDA590}.Release|Any CPU.Build.0 = Release|Any CPU
		{48004F18-D0B7-45DA-A248-AAB6E6C933BB}.Debug|Any CPU.ActiveCfg = Debug|Any CPU
		{48004F18-D0B7-45DA-A248-AAB6E6C933BB}.Debug|Any CPU.Build.0 = Debug|Any CPU
		{48004F18-D0B7-45DA-A248-AAB6E6C933BB}.Release|Any CPU.ActiveCfg = Release|Any CPU
		{48004F18-D0B7-45DA-A248-AAB6E6C933BB}.Release|Any CPU.Build.0 = Release|Any CPU
		{95036B5F-055E-4DF3-AD1A-9F558BDF7C25}.Debug|Any CPU.ActiveCfg = Debug|Any CPU
		{95036B5F-055E-4DF3-AD1A-9F558BDF7C25}.Debug|Any CPU.Build.0 = Debug|Any CPU
		{95036B5F-055E-4DF3-AD1A-9F558BDF7C25}.Release|Any CPU.ActiveCfg = Release|Any CPU
		{95036B5F-055E-4DF3-AD1A-9F558BDF7C25}.Release|Any CPU.Build.0 = Release|Any CPU
	EndGlobalSection
	GlobalSection(SolutionProperties) = preSolution
		HideSolutionNode = FALSE
	EndGlobalSection
	GlobalSection(ExtensibilityGlobals) = postSolution
		SolutionGuid = {A073A70A-9F8A-4033-BD87-5D732774E11E}
	EndGlobalSection
	GlobalSection(NestedProjects) = preSolution
		{DB990B07-B077-48F4-AEB0-4727F49A4675} = {E47A49F9-6DFE-40BB-917C-8DDF226FFB12}
		{3FE95595-F470-4294-A0D6-37B902D3C7F5} = {E47A49F9-6DFE-40BB-917C-8DDF226FFB12}
		{205C8B1C-46B4-423A-8695-DC60572D077C} = {E47A49F9-6DFE-40BB-917C-8DDF226FFB12}
		{BC419B0C-596B-4266-A847-F88D803F8FE6} = {E47A49F9-6DFE-40BB-917C-8DDF226FFB12}
		{8ACAA3ED-2856-4F07-820D-B8F3EF8FE396} = {E47A49F9-6DFE-40BB-917C-8DDF226FFB12}
		{AA18AB43-65A7-4965-99D5-95A3C2C2889D} = {E47A49F9-6DFE-40BB-917C-8DDF226FFB12}
		{809B00E6-32D8-4A47-9F5A-9F6300C1C1B8} = {E47A49F9-6DFE-40BB-917C-8DDF226FFB12}
		{FB78EE7B-A907-4327-B082-EB0F2CE0C146} = {E47A49F9-6DFE-40BB-917C-8DDF226FFB12}
		{1E7A5600-C564-4711-9061-D2E569EB6593} = {E47A49F9-6DFE-40BB-917C-8DDF226FFB12}
		{B8561C33-B075-48A9-8BF1-BFA179BDA590} = {E47A49F9-6DFE-40BB-917C-8DDF226FFB12}
		{48004F18-D0B7-45DA-A248-AAB6E6C933BB} = {E47A49F9-6DFE-40BB-917C-8DDF226FFB12}
		{95036B5F-055E-4DF3-AD1A-9F558BDF7C25} = {E47A49F9-6DFE-40BB-917C-8DDF226FFB12}
	EndGlobalSection
EndGlobal
